
Microsoft Visual Studio Solution File, Format Version 12.00
# Visual Studio Version 17
VisualStudioVersion = 17.9.34616.47
MinimumVisualStudioVersion = 10.0.40219.1
Project("{FAE04EC0-301F-11D3-BF4B-00C04F79EFBC}") = "ConsoleP", "Console\ConsoleP.csproj", "{93E4D2F5-B9D2-4C80-96BA-9766BFE1037C}"
EndProject
Project("{FAE04EC0-301F-11D3-BF4B-00C04F79EFBC}") = "Test", "Test\Test.csproj", "{3B1D6572-E1CD-4DAD-876B-0A3C9C5E8A70}"
EndProject
Global
	GlobalSection(SolutionConfigurationPlatforms) = preSolution
		Debug|Any CPU = Debug|Any CPU
		Release|Any CPU = Release|Any CPU
	EndGlobalSection
	GlobalSection(ProjectConfigurationPlatforms) = postSolution
		{93E4D2F5-B9D2-4C80-96BA-9766BFE1037C}.Debug|Any CPU.ActiveCfg = Debug|Any CPU
		{93E4D2F5-B9D2-4C80-96BA-9766BFE1037C}.Debug|Any CPU.Build.0 = Debug|Any CPU
		{93E4D2F5-B9D2-4C80-96BA-9766BFE1037C}.Release|Any CPU.ActiveCfg = Release|Any CPU
		{93E4D2F5-B9D2-4C80-96BA-9766BFE1037C}.Release|Any CPU.Build.0 = Release|Any CPU
		{3B1D6572-E1CD-4DAD-876B-0A3C9C5E8A70}.Debug|Any CPU.ActiveCfg = Debug|Any CPU
		{3B1D6572-E1CD-4DAD-876B-0A3C9C5E8A70}.Debug|Any CPU.Build.0 = Debug|Any CPU
		{3B1D6572-E1CD-4DAD-876B-0A3C9C5E8A70}.Release|Any CPU.ActiveCfg = Release|Any CPU
		{3B1D6572-E1CD-4DAD-876B-0A3C9C5E8A70}.Release|Any CPU.Build.0 = Release|Any CPU
	EndGlobalSection
	GlobalSection(SolutionProperties) = preSolution
		HideSolutionNode = FALSE
	EndGlobalSection
	GlobalSection(ExtensibilityGlobals) = postSolution
		SolutionGuid = {681A5825-BB6D-41E7-B7FB-77189224E77A}
	EndGlobalSection
EndGlobal
